
Microsoft Visual Studio Solution File, Format Version 12.00
# Visual Studio 15
VisualStudioVersion = 15.0.26430.14
MinimumVisualStudioVersion = 10.0.40219.1
Project("{FAE04EC0-301F-11D3-BF4B-00C04F79EFBC}") = "question and answer", "question and answer\question and answer.csproj", "{D8DFBF2E-4980-4D66-AD60-E4E86AA51F50}"
EndProject
Global
	GlobalSection(SolutionConfigurationPlatforms) = preSolution
		Debug|Any CPU = Debug|Any CPU
		Release|Any CPU = Release|Any CPU
	EndGlobalSection
	GlobalSection(ProjectConfigurationPlatforms) = postSolution
		{D8DFBF2E-4980-4D66-AD60-E4E86AA51F50}.Debug|Any CPU.ActiveCfg = Debug|Any CPU
		{D8DFBF2E-4980-4D66-AD60-E4E86AA51F50}.Debug|Any CPU.Build.0 = Debug|Any CPU
		{D8DFBF2E-4980-4D66-AD60-E4E86AA51F50}.Release|Any CPU.ActiveCfg = Release|Any CPU
		{D8DFBF2E-4980-4D66-AD60-E4E86AA51F50}.Release|Any CPU.Build.0 = Release|Any CPU
	EndGlobalSection
	GlobalSection(SolutionProperties) = preSolution
		HideSolutionNode = FALSE
	EndGlobalSection
EndGlobal
